version = 1
revision = 3
requires-python = ">=3.12"

[options]
exclude-newer = "2026-03-22T00:00:00Z"

[[package]]
name = "cheme-evals"
version = "0.1.0"
source = { virtual = "." }

[package.dev-dependencies]
dev = [
    { name = "import-linter" },
    { name = "pytest" },
]

[package.metadata]

[package.metadata.requires-dev]
dev = [
    { name = "import-linter", specifier = ">=2.11" },
    { name = "pytest", specifier = ">=9.0.2" },
]

[[package]]
name = "click"
version = "8.3.1"
source = { registry = "https://pypi.org/simple" }
dependencies = [
    { name = "colorama", marker = "sys_platform == 'win32'" },
]
sdist = { url = "https://files.pythonhosted.org/packages/3d/fa/656b739db8587d7b5dfa22e22ed02566950fbfbcdc20311993483657a5c0/click-8.3.1.tar.gz", hash = "sha256:12ff4785d337a1bb490bb7e9c2b1ee5da3112e94a8622f26a6c77f5d2fc6842a", size = 295065, upload-time = "2025-11-15T20:45:42.706Z" }
wheels = [
    { url = "https://files.pythonhosted.org/packages/98/78/01c019cdb5d6498122777c1a43056ebb3ebfeef2076d9d026bfe15583b2b/click-8.3.1-py3-none-any.whl", hash = "sha256:981153a64e25f12d547d3426c367a4857371575ee7ad18df2a6183ab0545b2a6", size = 108274, upload-time = "2025-11-15T20:45:41.139Z" },
]

[[package]]
name = "colorama"
version = "0.4.6"
source = { registry = "https://pypi.org/simple" }
sdist = { url = "https://files.pythonhosted.org/packages/d8/53/6f443c9a4a8358a93a6792e2acffb9d9d5cb0a5cfd8802644b7b1c9a02e4/colorama-0.4.6.tar.gz", hash = "sha256:08695f5cb7ed6e0531a20572697297273c47b8cae5a63ffc6d6ed5c201be6e44", size = 27697, upload-time = "2022-10-25T02:36:22.414Z" }
wheels = [
    { url = "https://files.pythonhosted.org/packages/d1/d6/3965ed04c63042e047cb6a3e6ed1a63a35087b6a609aa3a15ed8ac56c221/colorama-0.4.6-py2.py3-none-any.whl", hash = "sha256:4f1d9991f5acc0ca119f9d443620b77f9d6b33703e51011c16baf57afb285fc6", size = 25335, upload-time = "2022-10-25T02:36:20.889Z" },
]

[[package]]
name = "grimp"
version = "3.14"
source = { registry = "https://pypi.org/simple" }
dependencies = [
    { name = "typing-extensions" },
]
sdist = { url = "https://files.pythonhosted.org/packages/63/46/79764cfb61a3ac80dadae5d94fb10acdb7800e31fecf4113cf3d345e4952/grimp-3.14.tar.gz", hash = "sha256:645fbd835983901042dae4e1b24fde3a89bf7ac152f9272dd17a97e55cb4f871", size = 830882, upload-time = "2025-12-10T17:55:01.287Z" }
wheels = [
    { url = "https://files.pythonhosted.org/packages/75/d6/a35ff62f35aa5fd148053506eddd7a8f2f6afaed31870dc608dd0eb38e4f/grimp-3.14-cp312-cp312-macosx_10_12_x86_64.whl", hash = "sha256:ffabc6940301214753bad89ec0bfe275892fa1f64b999e9a101f6cebfc777133", size = 2178573, upload-time = "2025-12-10T17:53:42.836Z" },
    { url = "https://files.pythonhosted.org/packages/93/e2/bd2e80273da4d46110969fc62252e5372e0249feb872bc7fe76fdc7f1818/grimp-3.14-cp312-cp312-macosx_11_0_arm64.whl", hash = "sha256:075d9a1c78d607792d0ed8d4d3d7754a621ef04c8a95eaebf634930dc9232bb2", size = 2110452, upload-time = "2025-12-10T17:53:19.831Z" },
    { url = "https://files.pythonhosted.org/packages/44/c3/7307249c657d34dca9d250d73ba027d6cfe15a98fb3119b6e5210bc388b7/grimp-3.14-cp312-cp312-manylinux_2_17_aarch64.manylinux2014_aarch64.whl", hash = "sha256:06ff52addeb20955a4d6aa097bee910573ffc9ef0d3c8a860844f267ad958156", size = 2283064, upload-time = "2025-12-10T17:52:07.673Z" },
    { url = "https://files.pythonhosted.org/packages/c7/d2/cae4cf32dc8d4188837cc4ab183300d655f898969b0f169e240f3b7c25be/grimp-3.14-cp312-cp312-manylinux_2_17_armv7l.manylinux2014_armv7l.whl", hash = "sha256:d10e0663e961fcbe8d0f54608854af31f911f164c96a44112d5173050132701f", size = 2235893, upload-time = "2025-12-10T17:52:20.418Z" },
    { url = "https://files.pythonhosted.org/packages/04/92/3f58bc3064fc305dac107d08003ba65713a5bc89a6d327f1c06b30cce752/grimp-3.14-cp312-cp312-manylinux_2_17_i686.manylinux2014_i686.whl", hash = "sha256:4ab874d7ddddc7a1291259cf7c31a4e7b5c612e9da2e24c67c0eb1a44a624e67", size = 2393376, upload-time = "2025-12-10T17:53:02.397Z" },
    { url = "https://files.pythonhosted.org/packages/06/b8/f476f30edf114f04cb58e8ae162cb4daf52bda0ab01919f3b5b7edb98430/grimp-3.14-cp312-cp312-manylinux_2_17_ppc64le.manylinux2014_ppc64le.whl", hash = "sha256:54fec672ec83355636a852177f5a470c964bede0f6730f9ba3c7b5c8419c9eab", size = 2571342, upload-time = "2025-12-10T17:52:35.214Z" },
    { url = "https://files.pythonhosted.org/packages/c4/ae/2e44d3c4f591f95f86322a8f4dbb5aac17001d49e079f3a80e07e7caaf09/grimp-3.14-cp312-cp312-manylinux_2_17_s390x.manylinux2014_s390x.whl", hash = "sha256:b9e221b5e8070a916c780e88c877fee2a61c95a76a76a2a076396e459511b0bb", size = 2359022, upload-time = "2025-12-10T17:52:49.063Z" },
    { url = "https://files.pythonhosted.org/packages/69/ac/42b4d6bc0ea119ce2e91e1788feabf32c5433e9617dbb495c2a3d0dc7f12/grimp-3.14-cp312-cp312-manylinux_2_17_x86_64.manylinux2014_x86_64.whl", hash = "sha256:eea6b495f9b4a8d82f5ce544921e76d0d12017f5d1ac3a3bd2f5ac88ab055b1c", size = 2309424, upload-time = "2025-12-10T17:53:11.069Z" },
    { url = "https://files.pythonhosted.org/packages/e8/c7/6a731989625c1790f4da7602dcbf9d6525512264e853cda77b3b3602d5e0/grimp-3.14-cp312-cp312-musllinux_1_2_aarch64.whl", hash = "sha256:655e8d3f79cd99bb859e09c9dd633515150e9d850879ca71417d5ac31809b745", size = 2462754, upload-time = "2025-12-10T17:53:50.886Z" },
    { url = "https://files.pythonhosted.org/packages/cd/4d/3d1571c0a39a59dd68be4835f766da64fe64cbab0d69426210b716a8bdf0/grimp-3.14-cp312-cp312-musllinux_1_2_armv7l.whl", hash = "sha256:a14f10b1b71c6c37647a76e6a49c226509648107abc0f48c1e3ecd158ba05531", size = 2501356, upload-time = "2025-12-10T17:54:06.014Z" },
    { url = "https://files.pythonhosted.org/packages/eb/d1/8950b8229095ebda5c54c8784e4d1f0a6e19423f2847289ef9751f878798/grimp-3.14-cp312-cp312-musllinux_1_2_i686.whl", hash = "sha256:81685111ee24d3e25f8ed9e77ed00b92b58b2414e1a1c2937236026900972744", size = 2504631, upload-time = "2025-12-10T17:54:34.441Z" },
    { url = "https://files.pythonhosted.org/packages/0a/e6/23bed3da9206138d36d01890b656c7fb7adfb3a37daac8842d84d8777ade/grimp-3.14-cp312-cp312-musllinux_1_2_x86_64.whl", hash = "sha256:ce8352a8ea0e27b143136ea086582fc6653419aa8a7c15e28ed08c898c42b185", size = 2514751, upload-time = "2025-12-10T17:54:49.384Z" },
    { url = "https://files.pythonhosted.org/packages/eb/45/6f1f55c97ee982f133ec5ccb22fc99bf5335aee70c208f4fb86cd833b8d5/grimp-3.14-cp312-cp312-win32.whl", hash = "sha256:3fc0f98b3c60d88e9ffa08faff3200f36604930972f8b29155f323b76ea25a06", size = 1875041, upload-time = "2025-12-10T17:55:13.326Z" },
    { url = "https://files.pythonhosted.org/packages/cf/cf/03ba01288e2a41a948bc8526f32c2eeaddd683ed34be1b895e31658d5a4c/grimp-3.14-cp312-cp312-win_amd64.whl", hash = "sha256:6bca77d1d50c8dc402c96af21f4e28e2f1e9938eeabd7417592a22bd83cde3c3", size = 2013868, upload-time = "2025-12-10T17:55:05.907Z" },
    { url = "https://files.pythonhosted.org/packages/3b/bd/d12a9c821b79ba31fc52243e564712b64140fc6d011c2bdbb483d9092a12/grimp-3.14-cp313-cp313-macosx_10_12_x86_64.whl", hash = "sha256:af8a625554beea84530b98cc471902155b5fc042b42dc47ec846fa3e32b0c615", size = 2178632, upload-time = "2025-12-10T17:53:44.55Z" },
    { url = "https://files.pythonhosted.org/packages/96/8c/d6620dbc245149d5a5a7a9342733556ba91a672f358259c0ab31d889b56b/grimp-3.14-cp313-cp313-macosx_11_0_arm64.whl", hash = "sha256:0dd1942ffb419ad342f76b0c3d3d2d7f312b264ddc578179d13ce8d5acec1167", size = 2110288, upload-time = "2025-12-10T17:53:21.662Z" },
    { url = "https://files.pythonhosted.org/packages/60/9d/ea51edc4eb295c99786040051c66466bfa235fd1def9f592057b36e03d0f/grimp-3.14-cp313-cp313-manylinux_2_17_aarch64.manylinux2014_aarch64.whl", hash = "sha256:537f784ce9b4acf8657f0b9714ab69a6c72ffa752eccc38a5a85506103b1a194", size = 2282197, upload-time = "2025-12-10T17:52:09.304Z" },
    { url = "https://files.pythonhosted.org/packages/28/6e/7db27818ced6a797f976ca55d981a3af5c12aec6aeda12d63965847cd028/grimp-3.14-cp313-cp313-manylinux_2_17_armv7l.manylinux2014_armv7l.whl", hash = "sha256:78ab18c08770aa005bef67b873bc3946d33f65727e9f3e508155093db5fa57d6", size = 2235720, upload-time = "2025-12-10T17:52:21.806Z" },
    { url = "https://files.pythonhosted.org/packages/37/26/0e3bbae4826bd6eaabf404738400414071e73ddb1e65bf487dcce17858c4/grimp-3.14-cp313-cp313-manylinux_2_17_i686.manylinux2014_i686.whl", hash = "sha256:28ca58728c27e7292c99f964e6ece9295c2f9cfdefc37c18dea0679c783ffb6f", size = 2393023, upload-time = "2025-12-10T17:53:04.149Z" },
    { url = "https://files.pythonhosted.org/packages/49/f2/7da91db5703da34c7ef4c7cddcbb1a8fc30cd85fe54756eba942c6fb27d8/grimp-3.14-cp313-cp313-manylinux_2_17_ppc64le.manylinux2014_ppc64le.whl", hash = "sha256:9b5577de29c6c5ae6e08d4ca0ac361b45dba323aa145796e6b320a6ea35414b7", size = 2571108, upload-time = "2025-12-10T17:52:36.523Z" },
    { url = "https://files.pythonhosted.org/packages/25/5e/4d6278f18032c7208696edf8be24a4b5f7fad80acc20ffca737344bcecb5/grimp-3.14-cp313-cp313-manylinux_2_17_s390x.manylinux2014_s390x.whl", hash = "sha256:5d7d1f9f42306f455abcec34db877e4887ff15f2777a43491f7ccbd6936c449b", size = 2358531, upload-time = "2025-12-10T17:52:50.521Z" },
    { url = "https://files.pythonhosted.org/packages/24/fb/231c32493161ac82f27af6a56965daefa0ec6030fdaf5b948ddd5d68d000/grimp-3.14-cp313-cp313-manylinux_2_17_x86_64.manylinux2014_x86_64.whl", hash = "sha256:39bd5c9b7cef59ee30a05535e9cb4cbf45a3c503f22edce34d0aa79362a311a9", size = 2308831, upload-time = "2025-12-10T17:53:12.587Z" },
    { url = "https://files.pythonhosted.org/packages/27/70/f6db325bf5efbbebc9c85cad0af865e821a12a0ba58ee309e938cbd5fedf/grimp-3.14-cp313-cp313-musllinux_1_2_aarch64.whl", hash = "sha256:7fec3116b4f780a1bc54176b19e6b9f2e36e2ef3164b8fc840660566af35df88", size = 2462138, upload-time = "2025-12-10T17:53:52.403Z" },
    { url = "https://files.pythonhosted.org/packages/41/2e/cc3fe29cf07f70364018086840c228a190539ab8105147e34588db590792/grimp-3.14-cp313-cp313-musllinux_1_2_armv7l.whl", hash = "sha256:0233a35a5bbb23688d63e1736b54415fa9994ace8dfeb7de8514ed9dee212968", size = 2501393, upload-time = "2025-12-10T17:54:22.486Z" },
    { url = "https://files.pythonhosted.org/packages/e5/eb/54cada9a726455148da23f64577b5cd164164d23a6449e3fa14551157356/grimp-3.14-cp313-cp313-musllinux_1_2_i686.whl", hash = "sha256:e46b2fef0f1da7e7e2f8129eb93c7e79db716ff7810140a22ce5504e10ed86df", size = 2504514, upload-time = "2025-12-10T17:54:36.34Z" },
    { url = "https://files.pythonhosted.org/packages/e8/c7/e6afe4f0652df07e8762f61899d1202b73c22c559c804d0a09e5aab2ff17/grimp-3.14-cp313-cp313-musllinux_1_2_x86_64.whl", hash = "sha256:3e6d9b50623ee1c3d2a1927ec3f5d408995ea1f92f3e91ed996c908bb40e856f", size = 2514018, upload-time = "2025-12-10T17:54:50.76Z" },
    { url = "https://files.pythonhosted.org/packages/75/13/2b8550acc1f010301f02c4fe9664810929fd9277cd032ab608b8534a96fb/grimp-3.14-cp313-cp313-win32.whl", hash = "sha256:fd57c56f5833c99320ec77e8ba5508d56f6fb48ec8032a942f7931cc6ebb80ce", size = 1874922, upload-time = "2025-12-10T17:55:15.239Z" },
    { url = "https://files.pythonhosted.org/packages/46/c7/bc9db5a54ef22972cd17d15ad80a8fee274a471bd3f02300405702d29ea5/grimp-3.14-cp313-cp313-win_amd64.whl", hash = "sha256:173307cf881a126fe5120b7bbec7d54384002e3c83dcd8c4df6ce7f0fee07c53", size = 2013705, upload-time = "2025-12-10T17:55:07.488Z" },
    { url = "https://files.pythonhosted.org/packages/80/7e/02710bf5e50997168c84ac622b10dd41d35515efd0c67549945ad20996a0/grimp-3.14-cp313-cp313t-manylinux_2_17_aarch64.manylinux2014_aarch64.whl", hash = "sha256:ebe29f8f13fbd7c314908ed535183a36e6db71839355b04869b27f23c58fa082", size = 2281868, upload-time = "2025-12-10T17:52:10.589Z" },
    { url = "https://files.pythonhosted.org/packages/15/88/2e440c6762cc78bd50582e1b092357d2255f0852ccc6218d8db25170ab31/grimp-3.14-cp313-cp313t-manylinux_2_17_armv7l.manylinux2014_armv7l.whl", hash = "sha256:073d285b00100153fd86064c7726bb1b6d610df1356d33bb42d3fd8809cb6e72", size = 2230917, upload-time = "2025-12-10T17:52:23.212Z" },
    { url = "https://files.pythonhosted.org/packages/a0/bb/2e7dce129b88f07fc525fe5c97f28cfb7ed7b62c59386d39226b4d08969c/grimp-3.14-cp313-cp313t-manylinux_2_17_ppc64le.manylinux2014_ppc64le.whl", hash = "sha256:f6d6efc37e1728bbfcd881b89467be5f7b046292597b3ebe5f8e44e89ea8b6cb", size = 2571371, upload-time = "2025-12-10T17:52:37.84Z" },
    { url = "https://files.pythonhosted.org/packages/b5/2b/8f1be8294af60c953687db7dec25525d87ed9c2aa26b66dcbe5244abaca2/grimp-3.14-cp313-cp313t-manylinux_2_17_s390x.manylinux2014_s390x.whl", hash = "sha256:5337d65d81960b712574c41e85b480d4480bbb5c6f547c94e634f6c60d730889", size = 2356980, upload-time = "2025-12-10T17:52:52.004Z" },
    { url = "https://files.pythonhosted.org/packages/35/ca/ead91e04b3ddd4774ae74601860ea0f0f21bcf6b970b6769ba9571eb2904/grimp-3.14-cp313-cp313t-musllinux_1_2_aarch64.whl", hash = "sha256:84a7fea63e352b325daa89b0b7297db411b7f0036f8d710c32f8e5090e1fc3ca", size = 2461540, upload-time = "2025-12-10T17:53:53.749Z" },
    { url = "https://files.pythonhosted.org/packages/94/aa/f8a085ff73c37d6e6a37de9f58799a3fea9e16badf267aaef6f11c9a53a3/grimp-3.14-cp313-cp313t-musllinux_1_2_armv7l.whl", hash = "sha256:d0b19a3726377165fe1f7184a8af317734d80d32b371b6c5578747867ab53c0b", size = 2497925, upload-time = "2025-12-10T17:54:23.842Z" },
    { url = "https://files.pythonhosted.org/packages/5a/a3/db3c2d6df07fe74faf5a28fcf3b44fad2831d323ba4a3c2ff66b77a6520c/grimp-3.14-cp313-cp313t-musllinux_1_2_i686.whl", hash = "sha256:9caa4991f530750f88474a3f5ecf6ef9f0d064034889d92db00cfb4ecb78aa24", size = 2501794, upload-time = "2025-12-10T17:54:38.05Z" },
    { url = "https://files.pythonhosted.org/packages/e5/de/095f4e3765e7b60425a41e9fbd2b167f8b0acb957cc88c387f631778a09d/grimp-3.14-cp313-cp313t-musllinux_1_2_x86_64.whl", hash = "sha256:1876efc119b99332a5cc2b08a6bdaada2f0ad94b596f0372a497e2aa8bda4d94", size = 2515203, upload-time = "2025-12-10T17:54:52.555Z" },
    { url = "https://files.pythonhosted.org/packages/c6/5f/ee02a3a1237282d324f596a50923bf9d2cb1b1230ef2fef49fb4d3563c2c/grimp-3.14-cp314-cp314-macosx_10_12_x86_64.whl", hash = "sha256:3ccf03e65864d6bc7bf1c003c319f5330a7627b3677f31143f11691a088464c2", size = 2177150, upload-time = "2025-12-10T17:53:46.145Z" },
    { url = "https://files.pythonhosted.org/packages/f2/64/2a92889e5fc78e8ef5c548e6a5c6fed78b817eeb0253aca586c28108393a/grimp-3.14-cp314-cp314-macosx_11_0_arm64.whl", hash = "sha256:9ecd58fa58a270e7523f8bec9e6452f4fdb9c21e4cd370640829f1e43fa87a69", size = 2109280, upload-time = "2025-12-10T17:53:23.345Z" },
    { url = "https://files.pythonhosted.org/packages/69/02/5d0b9ab54821e7fbdeb02f3919fa2cb8b9f0c3869fa6e4b969a5766f0ffa/grimp-3.14-cp314-cp314-manylinux_2_17_aarch64.manylinux2014_aarch64.whl", hash = "sha256:0d75d1f8f7944978b39b08d870315174f1ffcd5123be6ccff8ce90467ace648a", size = 2283367, upload-time = "2025-12-10T17:52:11.875Z" },
    { url = "https://files.pythonhosted.org/packages/c2/96/a77c40c92faf7500f42ac019ab8de108b04ffe3db8ec8d6f90416d2322ce/grimp-3.14-cp314-cp314-manylinux_2_17_armv7l.manylinux2014_armv7l.whl", hash = "sha256:6f70bbb1dd6055d08d29e39a78a11c4118c1778b39d17cd8271e18e213524ca7", size = 2237125, upload-time = "2025-12-10T17:52:24.606Z" },
    { url = "https://files.pythonhosted.org/packages/6a/5e/3e1483721c83057bff921cf454dd5ff3e661ae1d2e63150a380382d116c2/grimp-3.14-cp314-cp314-manylinux_2_17_i686.manylinux2014_i686.whl", hash = "sha256:0f21b7c003626c902669dc26ede83a91220cf0a81b51b27128370998c2f247b4", size = 2391735, upload-time = "2025-12-10T17:53:05.619Z" },
    { url = "https://files.pythonhosted.org/packages/d0/cb/25fad4a174fe672d42f3e5616761a8120a3b03c8e9e2ae3f31159561968a/grimp-3.14-cp314-cp314-manylinux_2_17_ppc64le.manylinux2014_ppc64le.whl", hash = "sha256:80d9f056415c936b45561310296374c4319b5df0003da802c84d2830a103792a", size = 2571388, upload-time = "2025-12-10T17:52:39.337Z" },
    { url = "https://files.pythonhosted.org/packages/29/7e/456df7f6a765ce3f160eb32a0f64ed0c1c3cd39b518555dde02087f9b6e4/grimp-3.14-cp314-cp314-manylinux_2_17_s390x.manylinux2014_s390x.whl", hash = "sha256:0332963cd63a45863775d4237e59dedf95455e0a1ea50c356be23100c5fc1d7c", size = 2359637, upload-time = "2025-12-10T17:52:53.341Z" },
    { url = "https://files.pythonhosted.org/packages/7c/98/3e5005ef21a4e2243f0da489aba86aaaff0bc11d5240d67113482cba88e0/grimp-3.14-cp314-cp314-manylinux_2_17_x86_64.manylinux2014_x86_64.whl", hash = "sha256:7f4144350d074f2058fe7c89230a26b34296b161f085b0471a692cb2fe27036f", size = 2308335, upload-time = "2025-12-10T17:53:13.893Z" },
    { url = "https://files.pythonhosted.org/packages/8a/03/4e055f756946d6f71ab7e9d1f8536a9e476777093dd7a050f40412d1a2b1/grimp-3.14-cp314-cp314-musllinux_1_2_aarch64.whl", hash = "sha256:e148e67975e92f90a8435b1b4c02180b9a3f3d725b7a188ba63793f1b1e445a0", size = 2463680, upload-time = "2025-12-10T17:53:55.507Z" },
    { url = "https://files.pythonhosted.org/packages/26/b9/3c76b7c2e1587e4303a6eff6587c2117c3a7efe1b100cd13d8a4a5613572/grimp-3.14-cp314-cp314-musllinux_1_2_armv7l.whl", hash = "sha256:1093f7770cb5f3ca6f99fb152f9c949381cc0b078dfdfe598c8ab99abaccda3b", size = 2502808, upload-time = "2025-12-10T17:54:25.383Z" },
    { url = "https://files.pythonhosted.org/packages/20/80/ada10b85ad3125ebedea10256d9c568b6bf28339d2f79d2d196a7b94f633/grimp-3.14-cp314-cp314-musllinux_1_2_i686.whl", hash = "sha256:a213f45ec69e9c2b28ffd3ba5ab12cc9859da17083ba4dc39317f2083b618111", size = 2504013, upload-time = "2025-12-10T17:54:39.762Z" },
    { url = "https://files.pythonhosted.org/packages/05/45/7c369f749d50b0ceac23cd6874ca4695cc1359a96091c7010301e5c8b619/grimp-3.14-cp314-cp314-musllinux_1_2_x86_64.whl", hash = "sha256:5f003ac3f226d2437a49af0b6036f26edba57f8a32d329275dbde1b2b2a00a56", size = 2515043, upload-time = "2025-12-10T17:54:54.437Z" },
    { url = "https://files.pythonhosted.org/packages/5c/32/85135fe83826ce11ae56a340d32a1391b91eed94d25ce7bc318019f735de/grimp-3.14-cp314-cp314-win32.whl", hash = "sha256:eec81be65a18f4b2af014b1e97296cc9ee20d1115529bf70dd7e06f457eac30b", size = 1877509, upload-time = "2025-12-10T17:55:17.062Z" },
    { url = "https://files.pythonhosted.org/packages/db/61/e4a2234edecb3bb3cff8963bc4ec5cc482a9e3c54f8df0946d7d90003830/grimp-3.14-cp314-cp314-win_amd64.whl", hash = "sha256:cd3bab6164f1d5e313678f0ab4bf45955afe7f5bdb0f2f481014aa9cca7e81ba", size = 2014364, upload-time = "2025-12-10T17:55:08.896Z" },
    { url = "https://files.pythonhosted.org/packages/16/be/3d304443fbf1df4d60c09668846d0c8a605c6c95646226e41d8f5c3254da/grimp-3.14-cp314-cp314t-manylinux_2_17_aarch64.manylinux2014_aarch64.whl", hash = "sha256:5b1df33de479be4d620f69633d1876858a8e64a79c07907d47cf3aaf896af057", size = 2281385, upload-time = "2025-12-10T17:52:13.668Z" },
    { url = "https://files.pythonhosted.org/packages/fe/13/493e2648dbb83b3fc517ee675e464beb0154551d726053c7982a3138c6a8/grimp-3.14-cp314-cp314t-manylinux_2_17_armv7l.manylinux2014_armv7l.whl", hash = "sha256:07096d4402e9d5a2c59c402ea3d601f4b7f99025f5e32f077468846fc8d3821b", size = 2231470, upload-time = "2025-12-10T17:52:26.104Z" },
    { url = "https://files.pythonhosted.org/packages/80/84/e772b302385a6b7ec752c88f84ffe35c33d14076245ae27a635aed9c63a2/grimp-3.14-cp314-cp314t-manylinux_2_17_ppc64le.manylinux2014_ppc64le.whl", hash = "sha256:712bc28f46b354316af50c469c77953ba3d6cb4166a62b8fb086436a8b05d301", size = 2571579, upload-time = "2025-12-10T17:52:40.889Z" },
    { url = "https://files.pythonhosted.org/packages/69/92/5b23aa7b89c5f4f2cfa636cbeaf33e784378a6b0a823d77a3448670dfacc/grimp-3.14-cp314-cp314t-manylinux_2_17_s390x.manylinux2014_s390x.whl", hash = "sha256:abe2bbef1cf8e27df636c02f60184319f138dee4f3a949405c21a4b491980397", size = 2356545, upload-time = "2025-12-10T17:52:54.887Z" },
    { url = "https://files.pythonhosted.org/packages/15/af/bcf2116f4b1c3939ab35f9cdddd9ca59e953e57e9a0ac0c143deaf9f29cc/grimp-3.14-cp314-cp314t-musllinux_1_2_aarch64.whl", hash = "sha256:2f9ae3fabb7a7a8468ddc96acc84ecabd84f168e7ca508ee94d8f32ea9bd5de2", size = 2461022, upload-time = "2025-12-10T17:53:56.923Z" },
    { url = "https://files.pythonhosted.org/packages/81/ce/1a076dce6bc22bca4b9ad5d1bbcd7e1023dcf7bf20ea9404c6462d78f049/grimp-3.14-cp314-cp314t-musllinux_1_2_armv7l.whl", hash = "sha256:efaf11ea73f7f12d847c54a5d6edcbe919e0369dce2d1aabae6c50792e16f816", size = 2498256, upload-time = "2025-12-10T17:54:27.214Z" },
    { url = "https://files.pythonhosted.org/packages/45/ea/ac735bed202c1c5c019e611b92d3861779e0cfbe2d20fdb0dec94266d248/grimp-3.14-cp314-cp314t-musllinux_1_2_i686.whl", hash = "sha256:e089c9ab8aa755ff5af88c55891727783b4eb6b228e7bdf278e17209d954aa1e", size = 2502056, upload-time = "2025-12-10T17:54:41.537Z" },
    { url = "https://files.pythonhosted.org/packages/80/8f/774ce522de6a7e70fbeceeaeb6fbe502f5dfb8365728fb3bb4cb23463da8/grimp-3.14-cp314-cp314t-musllinux_1_2_x86_64.whl", hash = "sha256:a424ad14d5deb56721ac24ab939747f72ab3d378d42e7d1f038317d33b052b77", size = 2515157, upload-time = "2025-12-10T17:54:55.874Z" },
]

[[package]]
name = "import-linter"
version = "2.11"
source = { registry = "https://pypi.org/simple" }
dependencies = [
    { name = "click" },
    { name = "grimp" },
    { name = "rich" },
    { name = "typing-extensions" },
]
sdist = { url = "https://files.pythonhosted.org/packages/ba/66/55b697a17bb15c6cb88d97d73716813f5427281527b90f02cc0a600abc6e/import_linter-2.11.tar.gz", hash = "sha256:5abc3394797a54f9bae315e7242dc98715ba485f840ac38c6d3192c370d0085e", size = 1153682, upload-time = "2026-03-06T12:11:38.198Z" }
wheels = [
    { url = "https://files.pythonhosted.org/packages/e9/aa/2ed2c89543632ded7196e0d93dcc6c7fe87769e88391a648c4a298ea864a/import_linter-2.11-py3-none-any.whl", hash = "sha256:3dc54cae933bae3430358c30989762b721c77aa99d424f56a08265be0eeaa465", size = 637315, upload-time = "2026-03-06T12:11:36.599Z" },
]

[[package]]
name = "iniconfig"
version = "2.3.0"
source = { registry = "https://pypi.org/simple" }
sdist = { url = "https://files.pythonhosted.org/packages/72/34/14ca021ce8e5dfedc35312d08ba8bf51fdd999c576889fc2c24cb97f4f10/iniconfig-2.3.0.tar.gz", hash = "sha256:c76315c77db068650d49c5b56314774a7804df16fee4402c1f19d6d15d8c4730", size = 20503, upload-time = "2025-10-18T21:55:43.219Z" }
wheels = [
    { url = "https://files.pythonhosted.org/packages/cb/b1/3846dd7f199d53cb17f49cba7e651e9ce294d8497c8c150530ed11865bb8/iniconfig-2.3.0-py3-none-any.whl", hash = "sha256:f631c04d2c48c52b84d0d0549c99ff3859c98df65b3101406327ecc7d53fbf12", size = 7484, upload-time = "2025-10-18T21:55:41.639Z" },
]

[[package]]
name = "markdown-it-py"
version = "4.0.0"
source = { registry = "https://pypi.org/simple" }
dependencies = [
    { name = "mdurl" },
]
sdist = { url = "https://files.pythonhosted.org/packages/5b/f5/4ec618ed16cc4f8fb3b701563655a69816155e79e24a17b651541804721d/markdown_it_py-4.0.0.tar.gz", hash = "sha256:cb0a2b4aa34f932c007117b194e945bd74e0ec24133ceb5bac59009cda1cb9f3", size = 73070, upload-time = "2025-08-11T12:57:52.854Z" }
wheels = [
    { url = "https://files.pythonhosted.org/packages/94/54/e7d793b573f298e1c9013b8c4dade17d481164aa517d1d7148619c2cedbf/markdown_it_py-4.0.0-py3-none-any.whl", hash = "sha256:87327c59b172c5011896038353a81343b6754500a08cd7a4973bb48c6d578147", size = 87321, upload-time = "2025-08-11T12:57:51.923Z" },
]

[[package]]
name = "mdurl"
version = "0.1.2"
source = { registry = "https://pypi.org/simple" }
sdist = { url = "https://files.pythonhosted.org/packages/d6/54/cfe61301667036ec958cb99bd3efefba235e65cdeb9c84d24a8293ba1d90/mdurl-0.1.2.tar.gz", hash = "sha256:bb413d29f5eea38f31dd4754dd7377d4465116fb207585f97bf925588687c1ba", size = 8729, upload-time = "2022-08-14T12:40:10.846Z" }
wheels = [
    { url = "https://files.pythonhosted.org/packages/b3/38/89ba8ad64ae25be8de66a6d463314cf1eb366222074cfda9ee839c56a4b4/mdurl-0.1.2-py3-none-any.whl", hash = "sha256:84008a41e51615a49fc9966191ff91509e3c40b939176e643fd50a5c2196b8f8", size = 9979, upload-time = "2022-08-14T12:40:09.779Z" },
]

[[package]]
name = "packaging"
version = "26.0"
source = { registry = "https://pypi.org/simple" }
sdist = { url = "https://files.pythonhosted.org/packages/65/ee/299d360cdc32edc7d2cf530f3accf79c4fca01e96ffc950d8a52213bd8e4/packaging-26.0.tar.gz", hash = "sha256:00243ae351a257117b6a241061796684b084ed1c516a08c48a3f7e147a9d80b4", size = 143416, upload-time = "2026-01-21T20:50:39.064Z" }
wheels = [
    { url = "https://files.pythonhosted.org/packages/b7/b9/c538f279a4e237a006a2c98387d081e9eb060d203d8ed34467cc0f0b9b53/packaging-26.0-py3-none-any.whl", hash = "sha256:b36f1fef9334a5588b4166f8bcd26a14e521f2b55e6b9de3aaa80d3ff7a37529", size = 74366, upload-time = "2026-01-21T20:50:37.788Z" },
]

[[package]]
name = "pluggy"
version = "1.6.0"
source = { registry = "https://pypi.org/simple" }
sdist = { url = "https://files.pythonhosted.org/packages/f9/e2/3e91f31a7d2b083fe6ef3fa267035b518369d9511ffab804f839851d2779/pluggy-1.6.0.tar.gz", hash = "sha256:7dcc130b76258d33b90f61b658791dede3486c3e6bfb003ee5c9bfb396dd22f3", size = 69412, upload-time = "2025-05-15T12:30:07.975Z" }
wheels = [
    { url = "https://files.pythonhosted.org/packages/54/20/4d324d65cc6d9205fabedc306948156824eb9f0ee1633355a8f7ec5c66bf/pluggy-1.6.0-py3-none-any.whl", hash = "sha256:e920276dd6813095e9377c0bc5566d94c932c33b27a3e3945d8389c374dd4746", size = 20538, upload-time = "2025-05-15T12:30:06.134Z" },
]

[[package]]
name = "pygments"
version = "2.19.2"
source = { registry = "https://pypi.org/simple" }
sdist = { url = "https://files.pythonhosted.org/packages/b0/77/a5b8c569bf593b0140bde72ea885a803b82086995367bf2037de0159d924/pygments-2.19.2.tar.gz", hash = "sha256:636cb2477cec7f8952536970bc533bc43743542f70392ae026374600add5b887", size = 4968631, upload-time = "2025-06-21T13:39:12.283Z" }
wheels = [
    { url = "https://files.pythonhosted.org/packages/c7/21/705964c7812476f378728bdf590ca4b771ec72385c533964653c68e86bdc/pygments-2.19.2-py3-none-any.whl", hash = "sha256:86540386c03d588bb81d44bc3928634ff26449851e99741617ecb9037ee5ec0b", size = 1225217, upload-time = "2025-06-21T13:39:07.939Z" },
]

[[package]]
name = "pytest"
version = "9.0.2"
source = { registry = "https://pypi.org/simple" }
dependencies = [
    { name = "colorama", marker = "sys_platform == 'win32'" },
    { name = "iniconfig" },
    { name = "packaging" },
    { name = "pluggy" },
    { name = "pygments" },
]
sdist = { url = "https://files.pythonhosted.org/packages/d1/db/7ef3487e0fb0049ddb5ce41d3a49c235bf9ad299b6a25d5780a89f19230f/pytest-9.0.2.tar.gz", hash = "sha256:75186651a92bd89611d1d9fc20f0b4345fd827c41ccd5c299a868a05d70edf11", size = 1568901, upload-time = "2025-12-06T21:30:51.014Z" }
wheels = [
    { url = "https://files.pythonhosted.org/packages/3b/ab/b3226f0bd7cdcf710fbede2b3548584366da3b19b5021e74f5bde2a8fa3f/pytest-9.0.2-py3-none-any.whl", hash = "sha256:711ffd45bf766d5264d487b917733b453d917afd2b0ad65223959f59089f875b", size = 374801, upload-time = "2025-12-06T21:30:49.154Z" },
]

[[package]]
name = "rich"
version = "14.3.3"
source = { registry = "https://pypi.org/simple" }
dependencies = [
    { name = "markdown-it-py" },
    { name = "pygments" },
]
sdist = { url = "https://files.pythonhosted.org/packages/b3/c6/f3b320c27991c46f43ee9d856302c70dc2d0fb2dba4842ff739d5f46b393/rich-14.3.3.tar.gz", hash = "sha256:b8daa0b9e4eef54dd8cf7c86c03713f53241884e814f4e2f5fb342fe520f639b", size = 230582, upload-time = "2026-02-19T17:23:12.474Z" }
wheels = [
    { url = "https://files.pythonhosted.org/packages/14/25/b208c5683343959b670dc001595f2f3737e051da617f66c31f7c4fa93abc/rich-14.3.3-py3-none-any.whl", hash = "sha256:793431c1f8619afa7d3b52b2cdec859562b950ea0d4b6b505397612db8d5362d", size = 310458, upload-time = "2026-02-19T17:23:13.732Z" },
]

[[package]]
name = "typing-extensions"
version = "4.15.0"
source = { registry = "https://pypi.org/simple" }
sdist = { url = "https://files.pythonhosted.org/packages/72/94/1a15dd82efb362ac84269196e94cf00f187f7ed21c242792a923cdb1c61f/typing_extensions-4.15.0.tar.gz", hash = "sha256:0cea48d173cc12fa28ecabc3b837ea3cf6f38c6d1136f85cbaaf598984861466", size = 109391, upload-time = "2025-08-25T13:49:26.313Z" }
wheels = [
    { url = "https://files.pythonhosted.org/packages/18/67/36e9267722cc04a6b9f15c7f3441c2363321a3ea07da7ae0c0707beb2a9c/typing_extensions-4.15.0-py3-none-any.whl", hash = "sha256:f0fa19c6845758ab08074a0cfa8b7aecb71c999ca73d62883bc25cc018c4e548", size = 44614, upload-time = "2025-08-25T13:49:24.86Z" },
]
